
Microsoft Visual Studio Solution File, Format Version 12.00
# Visual Studio Version 17
VisualStudioVersion = 17.13.35919.96 d17.13
MinimumVisualStudioVersion = 10.0.40219.1
Project("{FAE04EC0-301F-11D3-BF4B-00C04F79EFBC}") = "SzakDolgozat", "SzakDolgozat\SzakDolgozat.csproj", "{A359D399-2C0D-4369-9A34-5767A2B6EBFD}"
EndProject
Project("{FAE04EC0-301F-11D3-BF4B-00C04F79EFBC}") = "Services", "Services\Services.csproj", "{B7B09F6F-B258-4813-B861-104356C5F17E}"
EndProject
Project("{FAE04EC0-301F-11D3-BF4B-00C04F79EFBC}") = "DataBase", "DataBase\DataBase.csproj", "{26E169E1-9C2B-452A-BD65-D248894C9E59}"
EndProject
Global
	GlobalSection(SolutionConfigurationPlatforms) = preSolution
		Debug|Any CPU = Debug|Any CPU
		Release|Any CPU = Release|Any CPU
	EndGlobalSection
	GlobalSection(ProjectConfigurationPlatforms) = postSolution
		{A359D399-2C0D-4369-9A34-5767A2B6EBFD}.Debug|Any CPU.ActiveCfg = Debug|Any CPU
		{A359D399-2C0D-4369-9A34-5767A2B6EBFD}.Debug|Any CPU.Build.0 = Debug|Any CPU
		{A359D399-2C0D-4369-9A34-5767A2B6EBFD}.Release|Any CPU.ActiveCfg = Release|Any CPU
		{A359D399-2C0D-4369-9A34-5767A2B6EBFD}.Release|Any CPU.Build.0 = Release|Any CPU
		{B7B09F6F-B258-4813-B861-104356C5F17E}.Debug|Any CPU.ActiveCfg = Debug|Any CPU
		{B7B09F6F-B258-4813-B861-104356C5F17E}.Debug|Any CPU.Build.0 = Debug|Any CPU
		{B7B09F6F-B258-4813-B861-104356C5F17E}.Release|Any CPU.ActiveCfg = Release|Any CPU
		{B7B09F6F-B258-4813-B861-104356C5F17E}.Release|Any CPU.Build.0 = Release|Any CPU
		{26E169E1-9C2B-452A-BD65-D248894C9E59}.Debug|Any CPU.ActiveCfg = Debug|Any CPU
		{26E169E1-9C2B-452A-BD65-D248894C9E59}.Debug|Any CPU.Build.0 = Debug|Any CPU
		{26E169E1-9C2B-452A-BD65-D248894C9E59}.Release|Any CPU.ActiveCfg = Release|Any CPU
		{26E169E1-9C2B-452A-BD65-D248894C9E59}.Release|Any CPU.Build.0 = Release|Any CPU
	EndGlobalSection
	GlobalSection(SolutionProperties) = preSolution
		HideSolutionNode = FALSE
	EndGlobalSection
	GlobalSection(ExtensibilityGlobals) = postSolution
		SolutionGuid = {EC87D3C3-6752-4E80-96E2-5E1031F2200F}
	EndGlobalSection
EndGlobal
